// !$*UTF8*$!
{
	archiveVersion = 1;
	classes = {
	};
	objectVersion = 56;
	objects = {

/* Begin PBXBuildFile section */
		0A5DE38E9C5E8EA0DE13215F /* Pods_YourList.framework in Frameworks */ = {isa = PBXBuildFile; fileRef = 47C0AABBBB487CCF5FF82B4D /* Pods_YourList.framework */; };
		2712440C2A08555B00DDAA76 /* AppDelegate.swift in Sources */ = {isa = PBXBuildFile; fileRef = 2712440B2A08555B00DDAA76 /* AppDelegate.swift */; };
		2712440E2A08555B00DDAA76 /* SceneDelegate.swift in Sources */ = {isa = PBXBuildFile; fileRef = 2712440D2A08555B00DDAA76 /* SceneDelegate.swift */; };
		271244152A08555E00DDAA76 /* Assets.xcassets in Resources */ = {isa = PBXBuildFile; fileRef = 271244142A08555E00DDAA76 /* Assets.xcassets */; };
		271244182A08555E00DDAA76 /* LaunchScreen.storyboard in Resources */ = {isa = PBXBuildFile; fileRef = 271244162A08555E00DDAA76 /* LaunchScreen.storyboard */; };
		271244202A08583B00DDAA76 /* .gitignore in Resources */ = {isa = PBXBuildFile; fileRef = 2712441F2A08583B00DDAA76 /* .gitignore */; };
		27D14A3D2A099D7300D9B679 /* TaskListViewController.swift in Sources */ = {isa = PBXBuildFile; fileRef = 27D14A3C2A099D7300D9B679 /* TaskListViewController.swift */; };
		27D14A3F2A09A72000D9B679 /* AddNewTaskViewController.swift in Sources */ = {isa = PBXBuildFile; fileRef = 27D14A3E2A09A72000D9B679 /* AddNewTaskViewController.swift */; };
/* End PBXBuildFile section */

/* Begin PBXFileReference section */
		271244082A08555B00DDAA76 /* YourList.app */ = {isa = PBXFileReference; explicitFileType = wrapper.application; includeInIndex = 0; path = YourList.app; sourceTree = BUILT_PRODUCTS_DIR; };
		2712440B2A08555B00DDAA76 /* AppDelegate.swift */ = {isa = PBXFileReference; lastKnownFileType = sourcecode.swift; path = AppDelegate.swift; sourceTree = "<group>"; };
		2712440D2A08555B00DDAA76 /* SceneDelegate.swift */ = {isa = PBXFileReference; lastKnownFileType = sourcecode.swift; path = SceneDelegate.swift; sourceTree = "<group>"; };
		271244142A08555E00DDAA76 /* Assets.xcassets */ = {isa = PBXFileReference; lastKnownFileType = folder.assetcatalog; path = Assets.xcassets; sourceTree = "<group>"; };
		271244172A08555E00DDAA76 /* Base */ = {isa = PBXFileReference; lastKnownFileType = file.storyboard; name = Base; path = Base.lproj/LaunchScreen.storyboard; sourceTree = "<group>"; };
		271244192A08555E00DDAA76 /* Info.plist */ = {isa = PBXFileReference; lastKnownFileType = text.plist.xml; path = Info.plist; sourceTree = "<group>"; };
		2712441F2A08583B00DDAA76 /* .gitignore */ = {isa = PBXFileReference; fileEncoding = 4; lastKnownFileType = text; path = .gitignore; sourceTree = "<group>"; };
		27D14A3C2A099D7300D9B679 /* TaskListViewController.swift */ = {isa = PBXFileReference; lastKnownFileType = sourcecode.swift; path = TaskListViewController.swift; sourceTree = "<group>"; };
		27D14A3E2A09A72000D9B679 /* AddNewTaskViewController.swift */ = {isa = PBXFileReference; lastKnownFileType = sourcecode.swift; path = AddNewTaskViewController.swift; sourceTree = "<group>"; };
		47C0AABBBB487CCF5FF82B4D /* Pods_YourList.framework */ = {isa = PBXFileReference; explicitFileType = wrapper.framework; includeInIndex = 0; path = Pods_YourList.framework; sourceTree = BUILT_PRODUCTS_DIR; };
		749F8617F3F1C1B36FBE5876 /* Pods-YourList.debug.xcconfig */ = {isa = PBXFileReference; includeInIndex = 1; lastKnownFileType = text.xcconfig; name = "Pods-YourList.debug.xcconfig"; path = "Target Support Files/Pods-YourList/Pods-YourList.debug.xcconfig"; sourceTree = "<group>"; };
		D1DD8B98301D19C2ED08BF2F /* Pods-YourList.release.xcconfig */ = {isa = PBXFileReference; includeInIndex = 1; lastKnownFileType = text.xcconfig; name = "Pods-YourList.release.xcconfig"; path = "Target Support Files/Pods-YourList/Pods-YourList.release.xcconfig"; sourceTree = "<group>"; };
/* End PBXFileReference section */

/* Begin PBXFrameworksBuildPhase section */
		271244052A08555B00DDAA76 /* Frameworks */ = {
			isa = PBXFrameworksBuildPhase;
			buildActionMask = 2147483647;
			files = (
				0A5DE38E9C5E8EA0DE13215F /* Pods_YourList.framework in Frameworks */,
			);
			runOnlyForDeploymentPostprocessing = 0;
		};
/* End PBXFrameworksBuildPhase section */

/* Begin PBXGroup section */
		271243FF2A08555B00DDAA76 = {
			isa = PBXGroup;
			children = (
				2712441F2A08583B00DDAA76 /* .gitignore */,
				2712440A2A08555B00DDAA76 /* YourList */,
				271244092A08555B00DDAA76 /* Products */,
				39D7055086C8813C210EDCEC /* Pods */,
				4E3E1CE0CB2057C7DF0FE634 /* Frameworks */,
			);
			sourceTree = "<group>";
		};
		271244092A08555B00DDAA76 /* Products */ = {
			isa = PBXGroup;
			children = (
				271244082A08555B00DDAA76 /* YourList.app */,
			);
			name = Products;
			sourceTree = "<group>";
		};
		2712440A2A08555B00DDAA76 /* YourList */ = {
			isa = PBXGroup;
			children = (
				27D14A3B2A099D4E00D9B679 /* Controllers */,
				2712440B2A08555B00DDAA76 /* AppDelegate.swift */,
				2712440D2A08555B00DDAA76 /* SceneDelegate.swift */,
				271244142A08555E00DDAA76 /* Assets.xcassets */,
				271244162A08555E00DDAA76 /* LaunchScreen.storyboard */,
				271244192A08555E00DDAA76 /* Info.plist */,
			);
			path = YourList;
			sourceTree = "<group>";
		};
		27D14A3B2A099D4E00D9B679 /* Controllers */ = {
			isa = PBXGroup;
			children = (
				27D14A3C2A099D7300D9B679 /* TaskListViewController.swift */,
				27D14A3E2A09A72000D9B679 /* AddNewTaskViewController.swift */,
			);
			path = Controllers;
			sourceTree = "<group>";
		};
		39D7055086C8813C210EDCEC /* Pods */ = {
			isa = PBXGroup;
			children = (
				749F8617F3F1C1B36FBE5876 /* Pods-YourList.debug.xcconfig */,
				D1DD8B98301D19C2ED08BF2F /* Pods-YourList.release.xcconfig */,
			);
			name = Pods;
			path = Pods;
			sourceTree = "<group>";
		};
		4E3E1CE0CB2057C7DF0FE634 /* Frameworks */ = {
			isa = PBXGroup;
			children = (
				47C0AABBBB487CCF5FF82B4D /* Pods_YourList.framework */,
			);
			name = Frameworks;
			sourceTree = "<group>";
		};
/* End PBXGroup section */

/* Begin PBXNativeTarget section */
		271244072A08555B00DDAA76 /* YourList */ = {
			isa = PBXNativeTarget;
			buildConfigurationList = 2712441C2A08555E00DDAA76 /* Build configuration list for PBXNativeTarget "YourList" */;
			buildPhases = (
				C002B192C35FA362698004F7 /* [CP] Check Pods Manifest.lock */,
				271244042A08555B00DDAA76 /* Sources */,
				271244052A08555B00DDAA76 /* Frameworks */,
				271244062A08555B00DDAA76 /* Resources */,
				524870C90ABAAB69AB225907 /* [CP] Embed Pods Frameworks */,
			);
			buildRules = (
			);
			dependencies = (
			);
			name = YourList;
			productName = YourList;
			productReference = 271244082A08555B00DDAA76 /* YourList.app */;
			productType = "com.apple.product-type.application";
		};
/* End PBXNativeTarget section */

/* Begin PBXProject section */
		271244002A08555B00DDAA76 /* Project object */ = {
			isa = PBXProject;
			attributes = {
				BuildIndependentTargetsInParallel = 1;
				LastSwiftUpdateCheck = 1430;
				LastUpgradeCheck = 1430;
				TargetAttributes = {
					271244072A08555B00DDAA76 = {
						CreatedOnToolsVersion = 14.3;
					};
				};
			};
			buildConfigurationList = 271244032A08555B00DDAA76 /* Build configuration list for PBXProject "YourList" */;
			compatibilityVersion = "Xcode 14.0";
			developmentRegion = en;
			hasScannedForEncodings = 0;
			knownRegions = (
				en,
				Base,
			);
			mainGroup = 271243FF2A08555B00DDAA76;
			productRefGroup = 271244092A08555B00DDAA76 /* Products */;
			projectDirPath = "";
			projectRoot = "";
			targets = (
				271244072A08555B00DDAA76 /* YourList */,
			);
		};
/* End PBXProject section */

/* Begin PBXResourcesBuildPhase section */
		271244062A08555B00DDAA76 /* Resources */ = {
			isa = PBXResourcesBuildPhase;
			buildActionMask = 2147483647;
			files = (
				271244182A08555E00DDAA76 /* LaunchScreen.storyboard in Resources */,
				271244202A08583B00DDAA76 /* .gitignore in Resources */,
				271244152A08555E00DDAA76 /* Assets.xcassets in Resources */,
			);
			runOnlyForDeploymentPostprocessing = 0;
		};
/* End PBXResourcesBuildPhase section */

/* Begin PBXShellScriptBuildPhase section */
		524870C90ABAAB69AB225907 /* [CP] Embed Pods Frameworks */ = {
			isa = PBXShellScriptBuildPhase;
			buildActionMask = 2147483647;
			files = (
			);
			inputFileListPaths = (
				"${PODS_ROOT}/Target Support Files/Pods-YourList/Pods-YourList-frameworks-${CONFIGURATION}-input-files.xcfilelist",
			);
			name = "[CP] Embed Pods Frameworks";
			outputFileListPaths = (
				"${PODS_ROOT}/Target Support Files/Pods-YourList/Pods-YourList-frameworks-${CONFIGURATION}-output-files.xcfilelist",
			);
			runOnlyForDeploymentPostprocessing = 0;
			shellPath = /bin/sh;
			shellScript = "\"${PODS_ROOT}/Target Support Files/Pods-YourList/Pods-YourList-frameworks.sh\"\n";
			showEnvVarsInLog = 0;
		};
		C002B192C35FA362698004F7 /* [CP] Check Pods Manifest.lock */ = {
			isa = PBXShellScriptBuildPhase;
			buildActionMask = 2147483647;
			files = (
			);
			inputFileListPaths = (
			);
			inputPaths = (
				"${PODS_PODFILE_DIR_PATH}/Podfile.lock",
				"${PODS_ROOT}/Manifest.lock",
			);
			name = "[CP] Check Pods Manifest.lock";
			outputFileListPaths = (
			);
			outputPaths = (
				"$(DERIVED_FILE_DIR)/Pods-YourList-checkManifestLockResult.txt",
			);
			runOnlyForDeploymentPostprocessing = 0;
			shellPath = /bin/sh;
			shellScript = "diff \"${PODS_PODFILE_DIR_PATH}/Podfile.lock\" \"${PODS_ROOT}/Manifest.lock\" > /dev/null\nif [ $? != 0 ] ; then\n    # print error to STDERR\n    echo \"error: The sandbox is not in sync with the Podfile.lock. Run 'pod install' or update your CocoaPods installation.\" >&2\n    exit 1\nfi\n# This output is used by Xcode 'outputs' to avoid re-running this script phase.\necho \"SUCCESS\" > \"${SCRIPT_OUTPUT_FILE_0}\"\n";
			showEnvVarsInLog = 0;
		};
/* End PBXShellScriptBuildPhase section */

/* Begin PBXSourcesBuildPhase section */
		271244042A08555B00DDAA76 /* Sources */ = {
			isa = PBXSourcesBuildPhase;
			buildActionMask = 2147483647;
			files = (
				2712440C2A08555B00DDAA76 /* AppDelegate.swift in Sources */,
				2712440E2A08555B00DDAA76 /* SceneDelegate.swift in Sources */,
				27D14A3F2A09A72000D9B679 /* AddNewTaskViewController.swift in Sources */,
				27D14A3D2A099D7300D9B679 /* TaskListViewController.swift in Sources */,
			);
			runOnlyForDeploymentPostprocessing = 0;
		};
/* End PBXSourcesBuildPhase section */

/* Begin PBXVariantGroup section */
		271244162A08555E00DDAA76 /* LaunchScreen.storyboard */ = {
			isa = PBXVariantGroup;
			children = (
				271244172A08555E00DDAA76 /* Base */,
			);
			name = LaunchScreen.storyboard;
			sourceTree = "<group>";
		};
/* End PBXVariantGroup section */

/* Begin XCBuildConfiguration section */
		2712441A2A08555E00DDAA76 /* Debug */ = {
			isa = XCBuildConfiguration;
			buildSettings = {
				ALWAYS_SEARCH_USER_PATHS = NO;
				CLANG_ANALYZER_NONNULL = YES;
				CLANG_ANALYZER_NUMBER_OBJECT_CONVERSION = YES_AGGRESSIVE;
				CLANG_CXX_LANGUAGE_STANDARD = "gnu++20";
				CLANG_ENABLE_MODULES = YES;
				CLANG_ENABLE_OBJC_ARC = YES;
				CLANG_ENABLE_OBJC_WEAK = YES;
				CLANG_WARN_BLOCK_CAPTURE_AUTORELEASING = YES;
				CLANG_WARN_BOOL_CONVERSION = YES;
				CLANG_WARN_COMMA = YES;
				CLANG_WARN_CONSTANT_CONVERSION = YES;
				CLANG_WARN_DEPRECATED_OBJC_IMPLEMENTATIONS = YES;
				CLANG_WARN_DIRECT_OBJC_ISA_USAGE = YES_ERROR;
				CLANG_WARN_DOCUMENTATION_COMMENTS = YES;
				CLANG_WARN_EMPTY_BODY = YES;
				CLANG_WARN_ENUM_CONVERSION = YES;
				CLANG_WARN_INFINITE_RECURSION = YES;
				CLANG_WARN_INT_CONVERSION = YES;
				CLANG_WARN_NON_LITERAL_NULL_CONVERSION = YES;
				CLANG_WARN_OBJC_IMPLICIT_RETAIN_SELF = YES;
				CLANG_WARN_OBJC_LITERAL_CONVERSION = YES;
				CLANG_WARN_OBJC_ROOT_CLASS = YES_ERROR;
				CLANG_WARN_QUOTED_INCLUDE_IN_FRAMEWORK_HEADER = YES;
				CLANG_WARN_RANGE_LOOP_ANALYSIS = YES;
				CLANG_WARN_STRICT_PROTOTYPES = YES;
				CLANG_WARN_SUSPICIOUS_MOVE = YES;
				CLANG_WARN_UNGUARDED_AVAILABILITY = YES_AGGRESSIVE;
				CLANG_WARN_UNREACHABLE_CODE = YES;
				CLANG_WARN__DUPLICATE_METHOD_MATCH = YES;
				COPY_PHASE_STRIP = NO;
				DEBUG_INFORMATION_FORMAT = dwarf;
				ENABLE_STRICT_OBJC_MSGSEND = YES;
				ENABLE_TESTABILITY = YES;
				GCC_C_LANGUAGE_STANDARD = gnu11;
				GCC_DYNAMIC_NO_PIC = NO;
				GCC_NO_COMMON_BLOCKS = YES;
				GCC_OPTIMIZATION_LEVEL = 0;
				GCC_PREPROCESSOR_DEFINITIONS = (
					"DEBUG=1",
					"$(inherited)",
				);
				GCC_WARN_64_TO_32_BIT_CONVERSION = YES;
				GCC_WARN_ABOUT_RETURN_TYPE = YES_ERROR;
				GCC_WARN_UNDECLARED_SELECTOR = YES;
				GCC_WARN_UNINITIALIZED_AUTOS = YES_AGGRESSIVE;
				GCC_WARN_UNUSED_FUNCTION = YES;
				GCC_WARN_UNUSED_VARIABLE = YES;
				IPHONEOS_DEPLOYMENT_TARGET = 16.4;
				MTL_ENABLE_DEBUG_INFO = INCLUDE_SOURCE;
				MTL_FAST_MATH = YES;
				ONLY_ACTIVE_ARCH = YES;
				SDKROOT = iphoneos;
				SWIFT_ACTIVE_COMPILATION_CONDITIONS = DEBUG;
				SWIFT_OPTIMIZATION_LEVEL = "-Onone";
			};
			name = Debug;
		};
		2712441B2A08555E00DDAA76 /* Release */ = {
			isa = XCBuildConfiguration;
			buildSettings = {
				ALWAYS_SEARCH_USER_PATHS = NO;
				CLANG_ANALYZER_NONNULL = YES;
				CLANG_ANALYZER_NUMBER_OBJECT_CONVERSION = YES_AGGRESSIVE;
				CLANG_CXX_LANGUAGE_STANDARD = "gnu++20";
				CLANG_ENABLE_MODULES = YES;
				CLANG_ENABLE_OBJC_ARC = YES;
				CLANG_ENABLE_OBJC_WEAK = YES;
				CLANG_WARN_BLOCK_CAPTURE_AUTORELEASING = YES;
				CLANG_WARN_BOOL_CONVERSION = YES;
				CLANG_WARN_COMMA = YES;
				CLANG_WARN_CONSTANT_CONVERSION = YES;
				CLANG_WARN_DEPRECATED_OBJC_IMPLEMENTATIONS = YES;
				CLANG_WARN_DIRECT_OBJC_ISA_USAGE = YES_ERROR;
				CLANG_WARN_DOCUMENTATION_COMMENTS = YES;
				CLANG_WARN_EMPTY_BODY = YES;
				CLANG_WARN_ENUM_CONVERSION = YES;
				CLANG_WARN_INFINITE_RECURSION = YES;
				CLANG_WARN_INT_CONVERSION = YES;
				CLANG_WARN_NON_LITERAL_NULL_CONVERSION = YES;
				CLANG_WARN_OBJC_IMPLICIT_RETAIN_SELF = YES;
				CLANG_WARN_OBJC_LITERAL_CONVERSION = YES;
				CLANG_WARN_OBJC_ROOT_CLASS = YES_ERROR;
				CLANG_WARN_QUOTED_INCLUDE_IN_FRAMEWORK_HEADER = YES;
				CLANG_WARN_RANGE_LOOP_ANALYSIS = YES;
				CLANG_WARN_STRICT_PROTOTYPES = YES;
				CLANG_WARN_SUSPICIOUS_MOVE = YES;
				CLANG_WARN_UNGUARDED_AVAILABILITY = YES_AGGRESSIVE;
				CLANG_WARN_UNREACHABLE_CODE = YES;
				CLANG_WARN__DUPLICATE_METHOD_MATCH = YES;
				COPY_PHASE_STRIP = NO;
				DEBUG_INFORMATION_FORMAT = "dwarf-with-dsym";
				ENABLE_NS_ASSERTIONS = NO;
				ENABLE_STRICT_OBJC_MSGSEND = YES;
				GCC_C_LANGUAGE_STANDARD = gnu11;
				GCC_NO_COMMON_BLOCKS = YES;
				GCC_WARN_64_TO_32_BIT_CONVERSION = YES;
				GCC_WARN_ABOUT_RETURN_TYPE = YES_ERROR;
				GCC_WARN_UNDECLARED_SELECTOR = YES;
				GCC_WARN_UNINITIALIZED_AUTOS = YES_AGGRESSIVE;
				GCC_WARN_UNUSED_FUNCTION = YES;
				GCC_WARN_UNUSED_VARIABLE = YES;
				IPHONEOS_DEPLOYMENT_TARGET = 16.4;
				MTL_ENABLE_DEBUG_INFO = NO;
				MTL_FAST_MATH = YES;
				SDKROOT = iphoneos;
				SWIFT_COMPILATION_MODE = wholemodule;
				SWIFT_OPTIMIZATION_LEVEL = "-O";
				VALIDATE_PRODUCT = YES;
			};
			name = Release;
		};
		2712441D2A08555E00DDAA76 /* Debug */ = {
			isa = XCBuildConfiguration;
			baseConfigurationReference = 749F8617F3F1C1B36FBE5876 /* Pods-YourList.debug.xcconfig */;
			buildSettings = {
				ASSETCATALOG_COMPILER_APPICON_NAME = AppIcon;
				ASSETCATALOG_COMPILER_GLOBAL_ACCENT_COLOR_NAME = AccentColor;
				CODE_SIGN_STYLE = Automatic;
				CURRENT_PROJECT_VERSION = 1;
				GENERATE_INFOPLIST_FILE = YES;
				INFOPLIST_FILE = YourList/Info.plist;
				INFOPLIST_KEY_UIApplicationSupportsIndirectInputEvents = YES;
				INFOPLIST_KEY_UILaunchStoryboardName = LaunchScreen;
				INFOPLIST_KEY_UISupportedInterfaceOrientations = UIInterfaceOrientationPortrait;
				INFOPLIST_KEY_UISupportedInterfaceOrientations_iPad = "UIInterfaceOrientationLandscapeLeft UIInterfaceOrientationLandscapeRight UIInterfaceOrientationPortrait UIInterfaceOrientationPortraitUpsideDown";
				LD_RUNPATH_SEARCH_PATHS = (
					"$(inherited)",
					"@executable_path/Frameworks",
				);
				MARKETING_VERSION = 1.0;
				PRODUCT_BUNDLE_IDENTIFIER = com.rolvr.YourList;
				PRODUCT_NAME = "$(TARGET_NAME)";
				SUPPORTED_PLATFORMS = "iphoneos iphonesimulator";
				SUPPORTS_MACCATALYST = NO;
				SUPPORTS_MAC_DESIGNED_FOR_IPHONE_IPAD = NO;
				SWIFT_EMIT_LOC_STRINGS = YES;
				SWIFT_VERSION = 5.0;
				TARGETED_DEVICE_FAMILY = 1;
			};
			name = Debug;
		};
		2712441E2A08555E00DDAA76 /* Release */ = {
			isa = XCBuildConfiguration;
			baseConfigurationReference = D1DD8B98301D19C2ED08BF2F /* Pods-YourList.release.xcconfig */;
			buildSettings = {
				ASSETCATALOG_COMPILER_APPICON_NAME = AppIcon;
				ASSETCATALOG_COMPILER_GLOBAL_ACCENT_COLOR_NAME = AccentColor;
				CODE_SIGN_STYLE = Automatic;
				CURRENT_PROJECT_VERSION = 1;
				GENERATE_INFOPLIST_FILE = YES;
				INFOPLIST_FILE = YourList/Info.plist;
				INFOPLIST_KEY_UIApplicationSupportsIndirectInputEvents = YES;
				INFOPLIST_KEY_UILaunchStoryboardName = LaunchScreen;
				INFOPLIST_KEY_UISupportedInterfaceOrientations = UIInterfaceOrientationPortrait;
				INFOPLIST_KEY_UISupportedInterfaceOrientations_iPad = "UIInterfaceOrientationLandscapeLeft UIInterfaceOrientationLandscapeRight UIInterfaceOrientationPortrait UIInterfaceOrientationPortraitUpsideDown";
				LD_RUNPATH_SEARCH_PATHS = (
					"$(inherited)",
					"@executable_path/Frameworks",
				);
				MARKETING_VERSION = 1.0;
				PRODUCT_BUNDLE_IDENTIFIER = com.rolvr.YourList;
				PRODUCT_NAME = "$(TARGET_NAME)";
				SUPPORTED_PLATFORMS = "iphoneos iphonesimulator";
				SUPPORTS_MACCATALYST = NO;
				SUPPORTS_MAC_DESIGNED_FOR_IPHONE_IPAD = NO;
				SWIFT_EMIT_LOC_STRINGS = YES;
				SWIFT_VERSION = 5.0;
				TARGETED_DEVICE_FAMILY = 1;
			};
			name = Release;
		};
/* End XCBuildConfiguration section */

/* Begin XCConfigurationList section */
		271244032A08555B00DDAA76 /* Build configuration list for PBXProject "YourList" */ = {
			isa = XCConfigurationList;
			buildConfigurations = (
				2712441A2A08555E00DDAA76 /* Debug */,
				2712441B2A08555E00DDAA76 /* Release */,
			);
			defaultConfigurationIsVisible = 0;
			defaultConfigurationName = Release;
		};
		2712441C2A08555E00DDAA76 /* Build configuration list for PBXNativeTarget "YourList" */ = {
			isa = XCConfigurationList;
			buildConfigurations = (
				2712441D2A08555E00DDAA76 /* Debug */,
				2712441E2A08555E00DDAA76 /* Release */,
			);
			defaultConfigurationIsVisible = 0;
			defaultConfigurationName = Release;
		};
/* End XCConfigurationList section */
	};
	rootObject = 271244002A08555B00DDAA76 /* Project object */;
}
